
Microsoft Visual Studio Solution File, Format Version 12.00
# Visual Studio Version 16
VisualStudioVersion = 16.0.29709.97
MinimumVisualStudioVersion = 10.0.40219.1
Project("{FAE04EC0-301F-11D3-BF4B-00C04F79EFBC}") = "ImitationModeling15", "ImitationModeling15\ImitationModeling15.csproj", "{8E08C7FD-BA58-4A9D-9B1C-CB73ED6B92CE}"
EndProject
Global
	GlobalSection(SolutionConfigurationPlatforms) = preSolution
		Debug|Any CPU = Debug|Any CPU
		Release|Any CPU = Release|Any CPU
	EndGlobalSection
	GlobalSection(ProjectConfigurationPlatforms) = postSolution
		{8E08C7FD-BA58-4A9D-9B1C-CB73ED6B92CE}.Debug|Any CPU.ActiveCfg = Debug|Any CPU
		{8E08C7FD-BA58-4A9D-9B1C-CB73ED6B92CE}.Debug|Any CPU.Build.0 = Debug|Any CPU
		{8E08C7FD-BA58-4A9D-9B1C-CB73ED6B92CE}.Release|Any CPU.ActiveCfg = Release|Any CPU
		{8E08C7FD-BA58-4A9D-9B1C-CB73ED6B92CE}.Release|Any CPU.Build.0 = Release|Any CPU
	EndGlobalSection
	GlobalSection(SolutionProperties) = preSolution
		HideSolutionNode = FALSE
	EndGlobalSection
	GlobalSection(ExtensibilityGlobals) = postSolution
		SolutionGuid = {6678CDC2-1853-47A9-AEBB-EFE26CEC1115}
	EndGlobalSection
EndGlobal
