
Microsoft Visual Studio Solution File, Format Version 12.00
# Visual Studio Version 16
VisualStudioVersion = 16.0.29709.97
MinimumVisualStudioVersion = 10.0.40219.1
Project("{FAE04EC0-301F-11D3-BF4B-00C04F79EFBC}") = "ImitationModeling10", "ImitationModeling10\ImitationModeling10.csproj", "{030FB315-BB5B-48F0-A8FA-B8C1B1D8213E}"
EndProject
Global
	GlobalSection(SolutionConfigurationPlatforms) = preSolution
		Debug|Any CPU = Debug|Any CPU
		Release|Any CPU = Release|Any CPU
	EndGlobalSection
	GlobalSection(ProjectConfigurationPlatforms) = postSolution
		{030FB315-BB5B-48F0-A8FA-B8C1B1D8213E}.Debug|Any CPU.ActiveCfg = Debug|Any CPU
		{030FB315-BB5B-48F0-A8FA-B8C1B1D8213E}.Debug|Any CPU.Build.0 = Debug|Any CPU
		{030FB315-BB5B-48F0-A8FA-B8C1B1D8213E}.Release|Any CPU.ActiveCfg = Release|Any CPU
		{030FB315-BB5B-48F0-A8FA-B8C1B1D8213E}.Release|Any CPU.Build.0 = Release|Any CPU
	EndGlobalSection
	GlobalSection(SolutionProperties) = preSolution
		HideSolutionNode = FALSE
	EndGlobalSection
	GlobalSection(ExtensibilityGlobals) = postSolution
		SolutionGuid = {28D93C70-B448-4A10-B131-E71A888EAB60}
	EndGlobalSection
EndGlobal
