
Microsoft Visual Studio Solution File, Format Version 12.00
# Visual Studio Version 16
VisualStudioVersion = 16.0.29709.97
MinimumVisualStudioVersion = 10.0.40219.1
Project("{FAE04EC0-301F-11D3-BF4B-00C04F79EFBC}") = "ImitationModeling17", "ImitationModeling17\ImitationModeling17.csproj", "{02BE7164-C601-4D03-8AFB-E785888934FD}"
EndProject
Global
	GlobalSection(SolutionConfigurationPlatforms) = preSolution
		Debug|Any CPU = Debug|Any CPU
		Release|Any CPU = Release|Any CPU
	EndGlobalSection
	GlobalSection(ProjectConfigurationPlatforms) = postSolution
		{02BE7164-C601-4D03-8AFB-E785888934FD}.Debug|Any CPU.ActiveCfg = Debug|Any CPU
		{02BE7164-C601-4D03-8AFB-E785888934FD}.Debug|Any CPU.Build.0 = Debug|Any CPU
		{02BE7164-C601-4D03-8AFB-E785888934FD}.Release|Any CPU.ActiveCfg = Release|Any CPU
		{02BE7164-C601-4D03-8AFB-E785888934FD}.Release|Any CPU.Build.0 = Release|Any CPU
	EndGlobalSection
	GlobalSection(SolutionProperties) = preSolution
		HideSolutionNode = FALSE
	EndGlobalSection
	GlobalSection(ExtensibilityGlobals) = postSolution
		SolutionGuid = {D4E66573-C704-4108-B3EF-76256D720E9A}
	EndGlobalSection
EndGlobal
